// !$*UTF8*$!
{
	archiveVersion = 1;
	classes = {
	};
	objectVersion = 50;
	objects = {

/* Begin PBXBuildFile section */
		0626BDE835E179FE9C8A183D /* Pods_ToDoUITests.framework in Frameworks */ = {isa = PBXBuildFile; fileRef = B05468E1B16B8705EC88E255 /* Pods_ToDoUITests.framework */; };
		76D883FBF882D4620488F9BF /* Pods_ToDo.framework in Frameworks */ = {isa = PBXBuildFile; fileRef = 2F7716D18346B83FC2E08D1B /* Pods_ToDo.framework */; };
		9F387FB620DD94D20077B25D /* SignUpPasswordPresenter.swift in Sources */ = {isa = PBXBuildFile; fileRef = 9F387FAF20DD94D20077B25D /* SignUpPasswordPresenter.swift */; };
		9F387FB820DD94D20077B25D /* SignUpPasswordViewController.swift in Sources */ = {isa = PBXBuildFile; fileRef = 9F387FB120DD94D20077B25D /* SignUpPasswordViewController.swift */; };
		9F387FB920DD94D20077B25D /* SignUpPasswordModel.swift in Sources */ = {isa = PBXBuildFile; fileRef = 9F387FB220DD94D20077B25D /* SignUpPasswordModel.swift */; };
		9F387FBA20DD94D20077B25D /* SignUpPasswordViewController.xib in Resources */ = {isa = PBXBuildFile; fileRef = 9F387FB320DD94D20077B25D /* SignUpPasswordViewController.xib */; };
		9F387FBC20DD95360077B25D /* SignUpPasswordViewRouter.swift in Sources */ = {isa = PBXBuildFile; fileRef = 9F387FBB20DD95360077B25D /* SignUpPasswordViewRouter.swift */; };
		9F387FBD20DD96650077B25D /* SignUpPasswordTests.swift in Sources */ = {isa = PBXBuildFile; fileRef = 9F387FB020DD94D20077B25D /* SignUpPasswordTests.swift */; };
		9F387FC020DD96B30077B25D /* SignupService.swift in Sources */ = {isa = PBXBuildFile; fileRef = 9F387FBF20DD96B30077B25D /* SignupService.swift */; };
		9F387FC420DD96F50077B25D /* SignupInput.swift in Sources */ = {isa = PBXBuildFile; fileRef = 9F387FC320DD96F50077B25D /* SignupInput.swift */; };
		9F387FC620DD97B10077B25D /* SignupOutput.swift in Sources */ = {isa = PBXBuildFile; fileRef = 9F387FC520DD97B10077B25D /* SignupOutput.swift */; };
		9F387FD220DDA42B0077B25D /* SuccessPresenter.swift in Sources */ = {isa = PBXBuildFile; fileRef = 9F387FCB20DDA42B0077B25D /* SuccessPresenter.swift */; };
		9F387FD420DDA42B0077B25D /* SuccessViewController.swift in Sources */ = {isa = PBXBuildFile; fileRef = 9F387FCD20DDA42B0077B25D /* SuccessViewController.swift */; };
		9F387FD520DDA42B0077B25D /* SuccessModel.swift in Sources */ = {isa = PBXBuildFile; fileRef = 9F387FCE20DDA42B0077B25D /* SuccessModel.swift */; };
		9F387FD620DDA42B0077B25D /* SuccessViewController.xib in Resources */ = {isa = PBXBuildFile; fileRef = 9F387FCF20DDA42B0077B25D /* SuccessViewController.xib */; };
		9F387FD720DDA7BB0077B25D /* SuccessTests.swift in Sources */ = {isa = PBXBuildFile; fileRef = 9F387FCC20DDA42B0077B25D /* SuccessTests.swift */; };
		9F387FE220DDAF9F0077B25D /* TodoPresenter.swift in Sources */ = {isa = PBXBuildFile; fileRef = 9F387FDB20DDAF9F0077B25D /* TodoPresenter.swift */; };
		9F387FE420DDAF9F0077B25D /* TodoViewController.swift in Sources */ = {isa = PBXBuildFile; fileRef = 9F387FDD20DDAF9F0077B25D /* TodoViewController.swift */; };
		9F387FE620DDAF9F0077B25D /* TodoViewController.xib in Resources */ = {isa = PBXBuildFile; fileRef = 9F387FDF20DDAF9F0077B25D /* TodoViewController.xib */; };
		9F387FE720DDAFEB0077B25D /* TodoTests.swift in Sources */ = {isa = PBXBuildFile; fileRef = 9F387FDC20DDAF9F0077B25D /* TodoTests.swift */; };
		9F387FEA20DDB1020077B25D /* TodoCell.swift in Sources */ = {isa = PBXBuildFile; fileRef = 9F387FE920DDB1020077B25D /* TodoCell.swift */; };
		9F387FEC20DDB10A0077B25D /* TodoCell.xib in Resources */ = {isa = PBXBuildFile; fileRef = 9F387FEB20DDB10A0077B25D /* TodoCell.xib */; };
		9F4C363820DFD776006861D9 /* EditPopupPresenter.swift in Sources */ = {isa = PBXBuildFile; fileRef = 9F4C363120DFD776006861D9 /* EditPopupPresenter.swift */; };
		9F4C363A20DFD776006861D9 /* EditPopupViewController.swift in Sources */ = {isa = PBXBuildFile; fileRef = 9F4C363320DFD776006861D9 /* EditPopupViewController.swift */; };
		9F4C363B20DFD776006861D9 /* EditPopupModel.swift in Sources */ = {isa = PBXBuildFile; fileRef = 9F4C363420DFD776006861D9 /* EditPopupModel.swift */; };
		9F4C363C20DFD776006861D9 /* EditPopupViewController.xib in Resources */ = {isa = PBXBuildFile; fileRef = 9F4C363520DFD776006861D9 /* EditPopupViewController.xib */; };
		9F4C363D20DFD801006861D9 /* EditPopupTests.swift in Sources */ = {isa = PBXBuildFile; fileRef = 9F4C363220DFD776006861D9 /* EditPopupTests.swift */; };
		9F4C363F20DFEA5F006861D9 /* DateExtension.swift in Sources */ = {isa = PBXBuildFile; fileRef = 9F4C363E20DFEA5F006861D9 /* DateExtension.swift */; };
		9F4C364120DFFB02006861D9 /* TasksViewRouter.swift in Sources */ = {isa = PBXBuildFile; fileRef = 9F4C364020DFFB02006861D9 /* TasksViewRouter.swift */; };
		9F4C364320E016A4006861D9 /* UIAlertControllerExtension.swift in Sources */ = {isa = PBXBuildFile; fileRef = 9F4C364220E016A4006861D9 /* UIAlertControllerExtension.swift */; };
		9F99A84820DDBEAA00DF58F4 /* Todo.swift in Sources */ = {isa = PBXBuildFile; fileRef = 9F99A84720DDBEAA00DF58F4 /* Todo.swift */; };
		9F99A84A20DDC99C00DF58F4 /* UIViewExtension.swift in Sources */ = {isa = PBXBuildFile; fileRef = 9F99A84920DDC99C00DF58F4 /* UIViewExtension.swift */; };
		9F99A84F20DDCA0700DF58F4 /* TodoService.swift in Sources */ = {isa = PBXBuildFile; fileRef = 9F99A84E20DDCA0700DF58F4 /* TodoService.swift */; };
		9F99A85320DDCA2900DF58F4 /* TodoOutput.swift in Sources */ = {isa = PBXBuildFile; fileRef = 9F99A85220DDCA2900DF58F4 /* TodoOutput.swift */; };
		9F99A85620DDCA6B00DF58F4 /* TodoInput.swift in Sources */ = {isa = PBXBuildFile; fileRef = 9F99A85520DDCA6B00DF58F4 /* TodoInput.swift */; };
		9FA4646020DC6F51007CAF18 /* LoginTests.swift in Sources */ = {isa = PBXBuildFile; fileRef = 9FC65B8220DC564800ED3436 /* LoginTests.swift */; };
		9FA4646220DC79A5007CAF18 /* APIError.swift in Sources */ = {isa = PBXBuildFile; fileRef = 9FA4646120DC79A5007CAF18 /* APIError.swift */; };
		9FA4646420DC806A007CAF18 /* LoginViewRouter.swift in Sources */ = {isa = PBXBuildFile; fileRef = 9FA4646320DC806A007CAF18 /* LoginViewRouter.swift */; };
		9FAA2AFD20DE9BA10010DE28 /* TasksPresenter.swift in Sources */ = {isa = PBXBuildFile; fileRef = 9FAA2AF620DE9BA10010DE28 /* TasksPresenter.swift */; };
		9FAA2AFF20DE9BA10010DE28 /* TasksViewController.swift in Sources */ = {isa = PBXBuildFile; fileRef = 9FAA2AF820DE9BA10010DE28 /* TasksViewController.swift */; };
		9FAA2B0120DE9BA10010DE28 /* TasksViewController.xib in Resources */ = {isa = PBXBuildFile; fileRef = 9FAA2AFA20DE9BA10010DE28 /* TasksViewController.xib */; };
		9FAA2B0320DE9D510010DE28 /* TasksModel.swift in Sources */ = {isa = PBXBuildFile; fileRef = 9FAA2B0220DE9D510010DE28 /* TasksModel.swift */; };
		9FAA2B0420DE9D820010DE28 /* TasksTests.swift in Sources */ = {isa = PBXBuildFile; fileRef = 9FAA2AF720DE9BA10010DE28 /* TasksTests.swift */; };
		9FAA2B0620DE9E6C0010DE28 /* TodoViewRouter.swift in Sources */ = {isa = PBXBuildFile; fileRef = 9FAA2B0520DE9E6C0010DE28 /* TodoViewRouter.swift */; };
		9FAA2B0920DEA2760010DE28 /* TaskCell.swift in Sources */ = {isa = PBXBuildFile; fileRef = 9FAA2B0820DEA2760010DE28 /* TaskCell.swift */; };
		9FAA2B0B20DEA27D0010DE28 /* TaskCell.xib in Resources */ = {isa = PBXBuildFile; fileRef = 9FAA2B0A20DEA27D0010DE28 /* TaskCell.xib */; };
		9FAA2B1020DEA4F80010DE28 /* TaskService.swift in Sources */ = {isa = PBXBuildFile; fileRef = 9FAA2B0F20DEA4F80010DE28 /* TaskService.swift */; };
		9FAA2B1220DEA5730010DE28 /* Task.swift in Sources */ = {isa = PBXBuildFile; fileRef = 9FAA2B1120DEA5730010DE28 /* Task.swift */; };
		9FAA2B1420DEA6120010DE28 /* TaskOutput.swift in Sources */ = {isa = PBXBuildFile; fileRef = 9FAA2B1320DEA6120010DE28 /* TaskOutput.swift */; };
		9FAA2B1620DEA67E0010DE28 /* TaskInput.swift in Sources */ = {isa = PBXBuildFile; fileRef = 9FAA2B1520DEA67E0010DE28 /* TaskInput.swift */; };
		9FC65B4820DC538A00ED3436 /* AppDelegate.swift in Sources */ = {isa = PBXBuildFile; fileRef = 9FC65B4720DC538A00ED3436 /* AppDelegate.swift */; };
		9FC65B4F20DC538B00ED3436 /* Assets.xcassets in Resources */ = {isa = PBXBuildFile; fileRef = 9FC65B4E20DC538B00ED3436 /* Assets.xcassets */; };
		9FC65B5220DC538B00ED3436 /* LaunchScreen.storyboard in Resources */ = {isa = PBXBuildFile; fileRef = 9FC65B5020DC538B00ED3436 /* LaunchScreen.storyboard */; };
		9FC65B5D20DC538B00ED3436 /* ToDoTests.swift in Sources */ = {isa = PBXBuildFile; fileRef = 9FC65B5C20DC538B00ED3436 /* ToDoTests.swift */; };
		9FC65B6820DC538B00ED3436 /* ToDoUITests.swift in Sources */ = {isa = PBXBuildFile; fileRef = 9FC65B6720DC538B00ED3436 /* ToDoUITests.swift */; };
		9FC65B7B20DC550500ED3436 /* Network.swift in Sources */ = {isa = PBXBuildFile; fileRef = 9FC65B7A20DC550500ED3436 /* Network.swift */; };
		9FC65B7D20DC559100ED3436 /* API.swift in Sources */ = {isa = PBXBuildFile; fileRef = 9FC65B7C20DC559100ED3436 /* API.swift */; };
		9FC65B8820DC564800ED3436 /* LoginPresenter.swift in Sources */ = {isa = PBXBuildFile; fileRef = 9FC65B8120DC564800ED3436 /* LoginPresenter.swift */; };
		9FC65B8A20DC564800ED3436 /* LoginViewController.swift in Sources */ = {isa = PBXBuildFile; fileRef = 9FC65B8320DC564800ED3436 /* LoginViewController.swift */; };
		9FC65B8C20DC564800ED3436 /* LoginViewController.xib in Resources */ = {isa = PBXBuildFile; fileRef = 9FC65B8520DC564800ED3436 /* LoginViewController.xib */; };
		9FC65B9220DC579700ED3436 /* LoginInput.swift in Sources */ = {isa = PBXBuildFile; fileRef = 9FC65B9120DC579700ED3436 /* LoginInput.swift */; };
		9FC65B9420DC57E100ED3436 /* LoginService.swift in Sources */ = {isa = PBXBuildFile; fileRef = 9FC65B9320DC57E100ED3436 /* LoginService.swift */; };
		9FC65B9620DC586F00ED3436 /* URLBuilder.swift in Sources */ = {isa = PBXBuildFile; fileRef = 9FC65B9520DC586F00ED3436 /* URLBuilder.swift */; };
		9FC65B9920DC596100ED3436 /* UserSession.swift in Sources */ = {isa = PBXBuildFile; fileRef = 9FC65B9820DC596100ED3436 /* UserSession.swift */; };
		9FC65B9B20DC61EF00ED3436 /* LoginOutput.swift in Sources */ = {isa = PBXBuildFile; fileRef = 9FC65B9A20DC61EF00ED3436 /* LoginOutput.swift */; };
		9FF7B75820DD3D5C006A9F76 /* SignUpNameStepPresenter.swift in Sources */ = {isa = PBXBuildFile; fileRef = 9FF7B75120DD3D5C006A9F76 /* SignUpNameStepPresenter.swift */; };
		9FF7B75A20DD3D5C006A9F76 /* SignUpNameStepViewController.swift in Sources */ = {isa = PBXBuildFile; fileRef = 9FF7B75320DD3D5C006A9F76 /* SignUpNameStepViewController.swift */; };
		9FF7B75C20DD3D5C006A9F76 /* SignUpNameStepViewController.xib in Resources */ = {isa = PBXBuildFile; fileRef = 9FF7B75520DD3D5C006A9F76 /* SignUpNameStepViewController.xib */; };
		9FF7B75D20DD3D71006A9F76 /* SignUpNameStepTests.swift in Sources */ = {isa = PBXBuildFile; fileRef = 9FF7B75220DD3D5C006A9F76 /* SignUpNameStepTests.swift */; };
		9FF7B75F20DD4097006A9F76 /* SignUpNameViewRouter.swift in Sources */ = {isa = PBXBuildFile; fileRef = 9FF7B75E20DD4097006A9F76 /* SignUpNameViewRouter.swift */; };
		9FF7B76220DD42BC006A9F76 /* BaseNavigationController.swift in Sources */ = {isa = PBXBuildFile; fileRef = 9FF7B76120DD42BC006A9F76 /* BaseNavigationController.swift */; };
		9FF7B76420DD4397006A9F76 /* NavigationBarManager.swift in Sources */ = {isa = PBXBuildFile; fileRef = 9FF7B76320DD4397006A9F76 /* NavigationBarManager.swift */; };
		9FF7B76F20DD54B6006A9F76 /* SignUpEmailStepPresenter.swift in Sources */ = {isa = PBXBuildFile; fileRef = 9FF7B76820DD54B6006A9F76 /* SignUpEmailStepPresenter.swift */; };
		9FF7B77120DD54B6006A9F76 /* SignUpEmailStepViewController.swift in Sources */ = {isa = PBXBuildFile; fileRef = 9FF7B76A20DD54B6006A9F76 /* SignUpEmailStepViewController.swift */; };
		9FF7B77220DD54B6006A9F76 /* SignUpEmailStepModel.swift in Sources */ = {isa = PBXBuildFile; fileRef = 9FF7B76B20DD54B6006A9F76 /* SignUpEmailStepModel.swift */; };
		9FF7B77320DD54B6006A9F76 /* SignUpEmailStepViewController.xib in Resources */ = {isa = PBXBuildFile; fileRef = 9FF7B76C20DD54B6006A9F76 /* SignUpEmailStepViewController.xib */; };
		9FF7B77420DD54C1006A9F76 /* SignUpEmailStepTests.swift in Sources */ = {isa = PBXBuildFile; fileRef = 9FF7B76920DD54B6006A9F76 /* SignUpEmailStepTests.swift */; };
		9FF7B77620DD55E3006A9F76 /* SignUpEmailStepViewRouter.swift in Sources */ = {isa = PBXBuildFile; fileRef = 9FF7B77520DD55E3006A9F76 /* SignUpEmailStepViewRouter.swift */; };
		C8D5001A5BA4C6D89B3C514A /* Pods_ToDoTests.framework in Frameworks */ = {isa = PBXBuildFile; fileRef = EF479ACBA93ECD8653FE4997 /* Pods_ToDoTests.framework */; };
/* End PBXBuildFile section */

/* Begin PBXContainerItemProxy section */
		9FC65B5920DC538B00ED3436 /* PBXContainerItemProxy */ = {
			isa = PBXContainerItemProxy;
			containerPortal = 9FC65B3C20DC538A00ED3436 /* Project object */;
			proxyType = 1;
			remoteGlobalIDString = 9FC65B4320DC538A00ED3436;
			remoteInfo = ToDo;
		};
		9FC65B6420DC538B00ED3436 /* PBXContainerItemProxy */ = {
			isa = PBXContainerItemProxy;
			containerPortal = 9FC65B3C20DC538A00ED3436 /* Project object */;
			proxyType = 1;
			remoteGlobalIDString = 9FC65B4320DC538A00ED3436;
			remoteInfo = ToDo;
		};
/* End PBXContainerItemProxy section */

/* Begin PBXFileReference section */
		26DDC5890E992B37E8162A23 /* Pods-ToDoUITests.release.xcconfig */ = {isa = PBXFileReference; includeInIndex = 1; lastKnownFileType = text.xcconfig; name = "Pods-ToDoUITests.release.xcconfig"; path = "Pods/Target Support Files/Pods-ToDoUITests/Pods-ToDoUITests.release.xcconfig"; sourceTree = "<group>"; };
		2F7716D18346B83FC2E08D1B /* Pods_ToDo.framework */ = {isa = PBXFileReference; explicitFileType = wrapper.framework; includeInIndex = 0; path = Pods_ToDo.framework; sourceTree = BUILT_PRODUCTS_DIR; };
		40D7E139D941ABA900D78007 /* Pods-ToDoTests.debug.xcconfig */ = {isa = PBXFileReference; includeInIndex = 1; lastKnownFileType = text.xcconfig; name = "Pods-ToDoTests.debug.xcconfig"; path = "Pods/Target Support Files/Pods-ToDoTests/Pods-ToDoTests.debug.xcconfig"; sourceTree = "<group>"; };
		89837A573AC8F63808864725 /* Pods-ToDo.debug.xcconfig */ = {isa = PBXFileReference; includeInIndex = 1; lastKnownFileType = text.xcconfig; name = "Pods-ToDo.debug.xcconfig"; path = "Pods/Target Support Files/Pods-ToDo/Pods-ToDo.debug.xcconfig"; sourceTree = "<group>"; };
		9F387FAF20DD94D20077B25D /* SignUpPasswordPresenter.swift */ = {isa = PBXFileReference; lastKnownFileType = sourcecode.swift; path = SignUpPasswordPresenter.swift; sourceTree = "<group>"; };
		9F387FB020DD94D20077B25D /* SignUpPasswordTests.swift */ = {isa = PBXFileReference; lastKnownFileType = sourcecode.swift; path = SignUpPasswordTests.swift; sourceTree = "<group>"; };
		9F387FB120DD94D20077B25D /* SignUpPasswordViewController.swift */ = {isa = PBXFileReference; lastKnownFileType = sourcecode.swift; path = SignUpPasswordViewController.swift; sourceTree = "<group>"; };
		9F387FB220DD94D20077B25D /* SignUpPasswordModel.swift */ = {isa = PBXFileReference; lastKnownFileType = sourcecode.swift; path = SignUpPasswordModel.swift; sourceTree = "<group>"; };
		9F387FB320DD94D20077B25D /* SignUpPasswordViewController.xib */ = {isa = PBXFileReference; lastKnownFileType = file.xib; path = SignUpPasswordViewController.xib; sourceTree = "<group>"; };
		9F387FBB20DD95360077B25D /* SignUpPasswordViewRouter.swift */ = {isa = PBXFileReference; lastKnownFileType = sourcecode.swift; path = SignUpPasswordViewRouter.swift; sourceTree = "<group>"; };
		9F387FBF20DD96B30077B25D /* SignupService.swift */ = {isa = PBXFileReference; lastKnownFileType = sourcecode.swift; path = SignupService.swift; sourceTree = "<group>"; };
		9F387FC320DD96F50077B25D /* SignupInput.swift */ = {isa = PBXFileReference; lastKnownFileType = sourcecode.swift; path = SignupInput.swift; sourceTree = "<group>"; };
		9F387FC520DD97B10077B25D /* SignupOutput.swift */ = {isa = PBXFileReference; lastKnownFileType = sourcecode.swift; path = SignupOutput.swift; sourceTree = "<group>"; };
		9F387FCB20DDA42B0077B25D /* SuccessPresenter.swift */ = {isa = PBXFileReference; lastKnownFileType = sourcecode.swift; path = SuccessPresenter.swift; sourceTree = "<group>"; };
		9F387FCC20DDA42B0077B25D /* SuccessTests.swift */ = {isa = PBXFileReference; lastKnownFileType = sourcecode.swift; path = SuccessTests.swift; sourceTree = "<group>"; };
		9F387FCD20DDA42B0077B25D /* SuccessViewController.swift */ = {isa = PBXFileReference; lastKnownFileType = sourcecode.swift; path = SuccessViewController.swift; sourceTree = "<group>"; };
		9F387FCE20DDA42B0077B25D /* SuccessModel.swift */ = {isa = PBXFileReference; lastKnownFileType = sourcecode.swift; path = SuccessModel.swift; sourceTree = "<group>"; };
		9F387FCF20DDA42B0077B25D /* SuccessViewController.xib */ = {isa = PBXFileReference; lastKnownFileType = file.xib; path = SuccessViewController.xib; sourceTree = "<group>"; };
		9F387FDB20DDAF9F0077B25D /* TodoPresenter.swift */ = {isa = PBXFileReference; lastKnownFileType = sourcecode.swift; path = TodoPresenter.swift; sourceTree = "<group>"; };
		9F387FDC20DDAF9F0077B25D /* TodoTests.swift */ = {isa = PBXFileReference; lastKnownFileType = sourcecode.swift; path = TodoTests.swift; sourceTree = "<group>"; };
		9F387FDD20DDAF9F0077B25D /* TodoViewController.swift */ = {isa = PBXFileReference; lastKnownFileType = sourcecode.swift; path = TodoViewController.swift; sourceTree = "<group>"; };
		9F387FDF20DDAF9F0077B25D /* TodoViewController.xib */ = {isa = PBXFileReference; lastKnownFileType = file.xib; path = TodoViewController.xib; sourceTree = "<group>"; };
		9F387FE920DDB1020077B25D /* TodoCell.swift */ = {isa = PBXFileReference; lastKnownFileType = sourcecode.swift; path = TodoCell.swift; sourceTree = "<group>"; };
		9F387FEB20DDB10A0077B25D /* TodoCell.xib */ = {isa = PBXFileReference; lastKnownFileType = file.xib; path = TodoCell.xib; sourceTree = "<group>"; };
		9F4C363120DFD776006861D9 /* EditPopupPresenter.swift */ = {isa = PBXFileReference; lastKnownFileType = sourcecode.swift; path = EditPopupPresenter.swift; sourceTree = "<group>"; };
		9F4C363220DFD776006861D9 /* EditPopupTests.swift */ = {isa = PBXFileReference; lastKnownFileType = sourcecode.swift; path = EditPopupTests.swift; sourceTree = "<group>"; };
		9F4C363320DFD776006861D9 /* EditPopupViewController.swift */ = {isa = PBXFileReference; lastKnownFileType = sourcecode.swift; path = EditPopupViewController.swift; sourceTree = "<group>"; };
		9F4C363420DFD776006861D9 /* EditPopupModel.swift */ = {isa = PBXFileReference; lastKnownFileType = sourcecode.swift; path = EditPopupModel.swift; sourceTree = "<group>"; };
		9F4C363520DFD776006861D9 /* EditPopupViewController.xib */ = {isa = PBXFileReference; lastKnownFileType = file.xib; path = EditPopupViewController.xib; sourceTree = "<group>"; };
		9F4C363E20DFEA5F006861D9 /* DateExtension.swift */ = {isa = PBXFileReference; lastKnownFileType = sourcecode.swift; path = DateExtension.swift; sourceTree = "<group>"; };
		9F4C364020DFFB02006861D9 /* TasksViewRouter.swift */ = {isa = PBXFileReference; lastKnownFileType = sourcecode.swift; path = TasksViewRouter.swift; sourceTree = "<group>"; };
		9F4C364220E016A4006861D9 /* UIAlertControllerExtension.swift */ = {isa = PBXFileReference; lastKnownFileType = sourcecode.swift; path = UIAlertControllerExtension.swift; sourceTree = "<group>"; };
		9F99A84720DDBEAA00DF58F4 /* Todo.swift */ = {isa = PBXFileReference; lastKnownFileType = sourcecode.swift; path = Todo.swift; sourceTree = "<group>"; };
		9F99A84920DDC99C00DF58F4 /* UIViewExtension.swift */ = {isa = PBXFileReference; lastKnownFileType = sourcecode.swift; path = UIViewExtension.swift; sourceTree = "<group>"; };
		9F99A84E20DDCA0700DF58F4 /* TodoService.swift */ = {isa = PBXFileReference; lastKnownFileType = sourcecode.swift; path = TodoService.swift; sourceTree = "<group>"; };
		9F99A85220DDCA2900DF58F4 /* TodoOutput.swift */ = {isa = PBXFileReference; lastKnownFileType = sourcecode.swift; path = TodoOutput.swift; sourceTree = "<group>"; };
		9F99A85520DDCA6B00DF58F4 /* TodoInput.swift */ = {isa = PBXFileReference; lastKnownFileType = sourcecode.swift; path = TodoInput.swift; sourceTree = "<group>"; };
		9FA4646120DC79A5007CAF18 /* APIError.swift */ = {isa = PBXFileReference; lastKnownFileType = sourcecode.swift; path = APIError.swift; sourceTree = "<group>"; };
		9FA4646320DC806A007CAF18 /* LoginViewRouter.swift */ = {isa = PBXFileReference; lastKnownFileType = sourcecode.swift; path = LoginViewRouter.swift; sourceTree = "<group>"; };
		9FAA2AF620DE9BA10010DE28 /* TasksPresenter.swift */ = {isa = PBXFileReference; lastKnownFileType = sourcecode.swift; path = TasksPresenter.swift; sourceTree = "<group>"; };
		9FAA2AF720DE9BA10010DE28 /* TasksTests.swift */ = {isa = PBXFileReference; lastKnownFileType = sourcecode.swift; path = TasksTests.swift; sourceTree = "<group>"; };
		9FAA2AF820DE9BA10010DE28 /* TasksViewController.swift */ = {isa = PBXFileReference; lastKnownFileType = sourcecode.swift; path = TasksViewController.swift; sourceTree = "<group>"; };
		9FAA2AFA20DE9BA10010DE28 /* TasksViewController.xib */ = {isa = PBXFileReference; lastKnownFileType = file.xib; path = TasksViewController.xib; sourceTree = "<group>"; };
		9FAA2B0220DE9D510010DE28 /* TasksModel.swift */ = {isa = PBXFileReference; lastKnownFileType = sourcecode.swift; path = TasksModel.swift; sourceTree = "<group>"; };
		9FAA2B0520DE9E6C0010DE28 /* TodoViewRouter.swift */ = {isa = PBXFileReference; lastKnownFileType = sourcecode.swift; path = TodoViewRouter.swift; sourceTree = "<group>"; };
		9FAA2B0820DEA2760010DE28 /* TaskCell.swift */ = {isa = PBXFileReference; lastKnownFileType = sourcecode.swift; path = TaskCell.swift; sourceTree = "<group>"; };
		9FAA2B0A20DEA27D0010DE28 /* TaskCell.xib */ = {isa = PBXFileReference; lastKnownFileType = file.xib; path = TaskCell.xib; sourceTree = "<group>"; };
		9FAA2B0F20DEA4F80010DE28 /* TaskService.swift */ = {isa = PBXFileReference; lastKnownFileType = sourcecode.swift; path = TaskService.swift; sourceTree = "<group>"; };
		9FAA2B1120DEA5730010DE28 /* Task.swift */ = {isa = PBXFileReference; lastKnownFileType = sourcecode.swift; path = Task.swift; sourceTree = "<group>"; };
		9FAA2B1320DEA6120010DE28 /* TaskOutput.swift */ = {isa = PBXFileReference; lastKnownFileType = sourcecode.swift; path = TaskOutput.swift; sourceTree = "<group>"; };
		9FAA2B1520DEA67E0010DE28 /* TaskInput.swift */ = {isa = PBXFileReference; lastKnownFileType = sourcecode.swift; path = TaskInput.swift; sourceTree = "<group>"; };
		9FC65B4420DC538A00ED3436 /* ToDo.app */ = {isa = PBXFileReference; explicitFileType = wrapper.application; includeInIndex = 0; path = ToDo.app; sourceTree = BUILT_PRODUCTS_DIR; };
		9FC65B4720DC538A00ED3436 /* AppDelegate.swift */ = {isa = PBXFileReference; lastKnownFileType = sourcecode.swift; path = AppDelegate.swift; sourceTree = "<group>"; };
		9FC65B4E20DC538B00ED3436 /* Assets.xcassets */ = {isa = PBXFileReference; lastKnownFileType = folder.assetcatalog; path = Assets.xcassets; sourceTree = "<group>"; };
		9FC65B5120DC538B00ED3436 /* Base */ = {isa = PBXFileReference; lastKnownFileType = file.storyboard; name = Base; path = Base.lproj/LaunchScreen.storyboard; sourceTree = "<group>"; };
		9FC65B5320DC538B00ED3436 /* Info.plist */ = {isa = PBXFileReference; lastKnownFileType = text.plist.xml; path = Info.plist; sourceTree = "<group>"; };
		9FC65B5820DC538B00ED3436 /* ToDoTests.xctest */ = {isa = PBXFileReference; explicitFileType = wrapper.cfbundle; includeInIndex = 0; path = ToDoTests.xctest; sourceTree = BUILT_PRODUCTS_DIR; };
		9FC65B5C20DC538B00ED3436 /* ToDoTests.swift */ = {isa = PBXFileReference; lastKnownFileType = sourcecode.swift; path = ToDoTests.swift; sourceTree = "<group>"; };
		9FC65B5E20DC538B00ED3436 /* Info.plist */ = {isa = PBXFileReference; lastKnownFileType = text.plist.xml; path = Info.plist; sourceTree = "<group>"; };
		9FC65B6320DC538B00ED3436 /* ToDoUITests.xctest */ = {isa = PBXFileReference; explicitFileType = wrapper.cfbundle; includeInIndex = 0; path = ToDoUITests.xctest; sourceTree = BUILT_PRODUCTS_DIR; };
		9FC65B6720DC538B00ED3436 /* ToDoUITests.swift */ = {isa = PBXFileReference; lastKnownFileType = sourcecode.swift; path = ToDoUITests.swift; sourceTree = "<group>"; };
		9FC65B6920DC538B00ED3436 /* Info.plist */ = {isa = PBXFileReference; lastKnownFileType = text.plist.xml; path = Info.plist; sourceTree = "<group>"; };
		9FC65B7A20DC550500ED3436 /* Network.swift */ = {isa = PBXFileReference; lastKnownFileType = sourcecode.swift; path = Network.swift; sourceTree = "<group>"; };
		9FC65B7C20DC559100ED3436 /* API.swift */ = {isa = PBXFileReference; lastKnownFileType = sourcecode.swift; path = API.swift; sourceTree = "<group>"; };
		9FC65B8120DC564800ED3436 /* LoginPresenter.swift */ = {isa = PBXFileReference; lastKnownFileType = sourcecode.swift; path = LoginPresenter.swift; sourceTree = "<group>"; };
		9FC65B8220DC564800ED3436 /* LoginTests.swift */ = {isa = PBXFileReference; lastKnownFileType = sourcecode.swift; path = LoginTests.swift; sourceTree = "<group>"; };
		9FC65B8320DC564800ED3436 /* LoginViewController.swift */ = {isa = PBXFileReference; lastKnownFileType = sourcecode.swift; path = LoginViewController.swift; sourceTree = "<group>"; };
		9FC65B8520DC564800ED3436 /* LoginViewController.xib */ = {isa = PBXFileReference; lastKnownFileType = file.xib; path = LoginViewController.xib; sourceTree = "<group>"; };
		9FC65B9120DC579700ED3436 /* LoginInput.swift */ = {isa = PBXFileReference; lastKnownFileType = sourcecode.swift; path = LoginInput.swift; sourceTree = "<group>"; };
		9FC65B9320DC57E100ED3436 /* LoginService.swift */ = {isa = PBXFileReference; lastKnownFileType = sourcecode.swift; path = LoginService.swift; sourceTree = "<group>"; };
		9FC65B9520DC586F00ED3436 /* URLBuilder.swift */ = {isa = PBXFileReference; lastKnownFileType = sourcecode.swift; path = URLBuilder.swift; sourceTree = "<group>"; };
		9FC65B9820DC596100ED3436 /* UserSession.swift */ = {isa = PBXFileReference; lastKnownFileType = sourcecode.swift; path = UserSession.swift; sourceTree = "<group>"; };
		9FC65B9A20DC61EF00ED3436 /* LoginOutput.swift */ = {isa = PBXFileReference; lastKnownFileType = sourcecode.swift; path = LoginOutput.swift; sourceTree = "<group>"; };
		9FF7B75120DD3D5C006A9F76 /* SignUpNameStepPresenter.swift */ = {isa = PBXFileReference; lastKnownFileType = sourcecode.swift; path = SignUpNameStepPresenter.swift; sourceTree = "<group>"; };
		9FF7B75220DD3D5C006A9F76 /* SignUpNameStepTests.swift */ = {isa = PBXFileReference; lastKnownFileType = sourcecode.swift; path = SignUpNameStepTests.swift; sourceTree = "<group>"; };
		9FF7B75320DD3D5C006A9F76 /* SignUpNameStepViewController.swift */ = {isa = PBXFileReference; lastKnownFileType = sourcecode.swift; path = SignUpNameStepViewController.swift; sourceTree = "<group>"; };
		9FF7B75520DD3D5C006A9F76 /* SignUpNameStepViewController.xib */ = {isa = PBXFileReference; lastKnownFileType = file.xib; path = SignUpNameStepViewController.xib; sourceTree = "<group>"; };
		9FF7B75E20DD4097006A9F76 /* SignUpNameViewRouter.swift */ = {isa = PBXFileReference; lastKnownFileType = sourcecode.swift; path = SignUpNameViewRouter.swift; sourceTree = "<group>"; };
		9FF7B76120DD42BC006A9F76 /* BaseNavigationController.swift */ = {isa = PBXFileReference; lastKnownFileType = sourcecode.swift; path = BaseNavigationController.swift; sourceTree = "<group>"; };
		9FF7B76320DD4397006A9F76 /* NavigationBarManager.swift */ = {isa = PBXFileReference; lastKnownFileType = sourcecode.swift; path = NavigationBarManager.swift; sourceTree = "<group>"; };
		9FF7B76820DD54B6006A9F76 /* SignUpEmailStepPresenter.swift */ = {isa = PBXFileReference; lastKnownFileType = sourcecode.swift; path = SignUpEmailStepPresenter.swift; sourceTree = "<group>"; };
		9FF7B76920DD54B6006A9F76 /* SignUpEmailStepTests.swift */ = {isa = PBXFileReference; lastKnownFileType = sourcecode.swift; path = SignUpEmailStepTests.swift; sourceTree = "<group>"; };
		9FF7B76A20DD54B6006A9F76 /* SignUpEmailStepViewController.swift */ = {isa = PBXFileReference; lastKnownFileType = sourcecode.swift; path = SignUpEmailStepViewController.swift; sourceTree = "<group>"; };
		9FF7B76B20DD54B6006A9F76 /* SignUpEmailStepModel.swift */ = {isa = PBXFileReference; lastKnownFileType = sourcecode.swift; path = SignUpEmailStepModel.swift; sourceTree = "<group>"; };
		9FF7B76C20DD54B6006A9F76 /* SignUpEmailStepViewController.xib */ = {isa = PBXFileReference; lastKnownFileType = file.xib; path = SignUpEmailStepViewController.xib; sourceTree = "<group>"; };
		9FF7B77520DD55E3006A9F76 /* SignUpEmailStepViewRouter.swift */ = {isa = PBXFileReference; lastKnownFileType = sourcecode.swift; path = SignUpEmailStepViewRouter.swift; sourceTree = "<group>"; };
		B0018DD30408083D044CCE17 /* Pods-ToDoTests.release.xcconfig */ = {isa = PBXFileReference; includeInIndex = 1; lastKnownFileType = text.xcconfig; name = "Pods-ToDoTests.release.xcconfig"; path = "Pods/Target Support Files/Pods-ToDoTests/Pods-ToDoTests.release.xcconfig"; sourceTree = "<group>"; };
		B05468E1B16B8705EC88E255 /* Pods_ToDoUITests.framework */ = {isa = PBXFileReference; explicitFileType = wrapper.framework; includeInIndex = 0; path = Pods_ToDoUITests.framework; sourceTree = BUILT_PRODUCTS_DIR; };
		B84162DB364C515461BC7448 /* Pods-ToDoUITests.debug.xcconfig */ = {isa = PBXFileReference; includeInIndex = 1; lastKnownFileType = text.xcconfig; name = "Pods-ToDoUITests.debug.xcconfig"; path = "Pods/Target Support Files/Pods-ToDoUITests/Pods-ToDoUITests.debug.xcconfig"; sourceTree = "<group>"; };
		E14D5206B5153F403C31B3B2 /* Pods-ToDo.release.xcconfig */ = {isa = PBXFileReference; includeInIndex = 1; lastKnownFileType = text.xcconfig; name = "Pods-ToDo.release.xcconfig"; path = "Pods/Target Support Files/Pods-ToDo/Pods-ToDo.release.xcconfig"; sourceTree = "<group>"; };
		EF479ACBA93ECD8653FE4997 /* Pods_ToDoTests.framework */ = {isa = PBXFileReference; explicitFileType = wrapper.framework; includeInIndex = 0; path = Pods_ToDoTests.framework; sourceTree = BUILT_PRODUCTS_DIR; };
/* End PBXFileReference section */

/* Begin PBXFrameworksBuildPhase section */
		9FC65B4120DC538A00ED3436 /* Frameworks */ = {
			isa = PBXFrameworksBuildPhase;
			buildActionMask = 2147483647;
			files = (
				76D883FBF882D4620488F9BF /* Pods_ToDo.framework in Frameworks */,
			);
			runOnlyForDeploymentPostprocessing = 0;
		};
		9FC65B5520DC538B00ED3436 /* Frameworks */ = {
			isa = PBXFrameworksBuildPhase;
			buildActionMask = 2147483647;
			files = (
				C8D5001A5BA4C6D89B3C514A /* Pods_ToDoTests.framework in Frameworks */,
			);
			runOnlyForDeploymentPostprocessing = 0;
		};
		9FC65B6020DC538B00ED3436 /* Frameworks */ = {
			isa = PBXFrameworksBuildPhase;
			buildActionMask = 2147483647;
			files = (
				0626BDE835E179FE9C8A183D /* Pods_ToDoUITests.framework in Frameworks */,
			);
			runOnlyForDeploymentPostprocessing = 0;
		};
/* End PBXFrameworksBuildPhase section */

/* Begin PBXGroup section */
		314A52235BFC6E27E15B87A5 /* Pods */ = {
			isa = PBXGroup;
			children = (
				89837A573AC8F63808864725 /* Pods-ToDo.debug.xcconfig */,
				E14D5206B5153F403C31B3B2 /* Pods-ToDo.release.xcconfig */,
				40D7E139D941ABA900D78007 /* Pods-ToDoTests.debug.xcconfig */,
				B0018DD30408083D044CCE17 /* Pods-ToDoTests.release.xcconfig */,
				B84162DB364C515461BC7448 /* Pods-ToDoUITests.debug.xcconfig */,
				26DDC5890E992B37E8162A23 /* Pods-ToDoUITests.release.xcconfig */,
			);
			name = Pods;
			sourceTree = "<group>";
		};
		9643BBADAF3272CB587C9658 /* Frameworks */ = {
			isa = PBXGroup;
			children = (
				2F7716D18346B83FC2E08D1B /* Pods_ToDo.framework */,
				EF479ACBA93ECD8653FE4997 /* Pods_ToDoTests.framework */,
				B05468E1B16B8705EC88E255 /* Pods_ToDoUITests.framework */,
			);
			name = Frameworks;
			sourceTree = "<group>";
		};
		9F387FAC20DD94AE0077B25D /* Password Step */ = {
			isa = PBXGroup;
			children = (
				9F387FBB20DD95360077B25D /* SignUpPasswordViewRouter.swift */,
				9F387FB220DD94D20077B25D /* SignUpPasswordModel.swift */,
				9F387FB120DD94D20077B25D /* SignUpPasswordViewController.swift */,
				9F387FAF20DD94D20077B25D /* SignUpPasswordPresenter.swift */,
				9F387FB020DD94D20077B25D /* SignUpPasswordTests.swift */,
				9F387FB320DD94D20077B25D /* SignUpPasswordViewController.xib */,
			);
			path = "Password Step";
			sourceTree = "<group>";
		};
		9F387FBE20DD969E0077B25D /* SignUp */ = {
			isa = PBXGroup;
			children = (
				9F387FBF20DD96B30077B25D /* SignupService.swift */,
				9F387FC120DD96DA0077B25D /* Input */,
				9F387FC220DD96DE0077B25D /* Output */,
			);
			path = SignUp;
			sourceTree = "<group>";
		};
		9F387FC120DD96DA0077B25D /* Input */ = {
			isa = PBXGroup;
			children = (
				9F387FC320DD96F50077B25D /* SignupInput.swift */,
			);
			path = Input;
			sourceTree = "<group>";
		};
		9F387FC220DD96DE0077B25D /* Output */ = {
			isa = PBXGroup;
			children = (
				9F387FC520DD97B10077B25D /* SignupOutput.swift */,
			);
			path = Output;
			sourceTree = "<group>";
		};
		9F387FC720DD9F170077B25D /* Success */ = {
			isa = PBXGroup;
			children = (
				9F387FCE20DDA42B0077B25D /* SuccessModel.swift */,
				9F387FCD20DDA42B0077B25D /* SuccessViewController.swift */,
				9F387FCB20DDA42B0077B25D /* SuccessPresenter.swift */,
				9F387FCC20DDA42B0077B25D /* SuccessTests.swift */,
				9F387FCF20DDA42B0077B25D /* SuccessViewController.xib */,
			);
			path = Success;
			sourceTree = "<group>";
		};
		9F387FD820DDAF7B0077B25D /* Todo */ = {
			isa = PBXGroup;
			children = (
				9F387FE820DDB0F60077B25D /* Cells */,
				9FAA2B0520DE9E6C0010DE28 /* TodoViewRouter.swift */,
				9F387FDD20DDAF9F0077B25D /* TodoViewController.swift */,
				9F387FDB20DDAF9F0077B25D /* TodoPresenter.swift */,
				9F387FDC20DDAF9F0077B25D /* TodoTests.swift */,
				9F387FDF20DDAF9F0077B25D /* TodoViewController.xib */,
			);
			path = Todo;
			sourceTree = "<group>";
		};
		9F387FE820DDB0F60077B25D /* Cells */ = {
			isa = PBXGroup;
			children = (
				9F387FE920DDB1020077B25D /* TodoCell.swift */,
				9F387FEB20DDB10A0077B25D /* TodoCell.xib */,
			);
			path = Cells;
			sourceTree = "<group>";
		};
		9F4C362E20DFD757006861D9 /* Generic */ = {
			isa = PBXGroup;
			children = (
				9F4C363420DFD776006861D9 /* EditPopupModel.swift */,
				9F4C363320DFD776006861D9 /* EditPopupViewController.swift */,
				9F4C363120DFD776006861D9 /* EditPopupPresenter.swift */,
				9F4C363220DFD776006861D9 /* EditPopupTests.swift */,
				9F4C363520DFD776006861D9 /* EditPopupViewController.xib */,
			);
			path = Generic;
			sourceTree = "<group>";
		};
		9F99A84B20DDC9F300DF58F4 /* Todo */ = {
			isa = PBXGroup;
			children = (
				9F99A84E20DDCA0700DF58F4 /* TodoService.swift */,
				9F99A85420DDCA6100DF58F4 /* Input */,
				9F99A84D20DDC9FE00DF58F4 /* Output */,
			);
			path = Todo;
			sourceTree = "<group>";
		};
		9F99A84D20DDC9FE00DF58F4 /* Output */ = {
			isa = PBXGroup;
			children = (
				9F99A85220DDCA2900DF58F4 /* TodoOutput.swift */,
			);
			path = Output;
			sourceTree = "<group>";
		};
		9F99A85420DDCA6100DF58F4 /* Input */ = {
			isa = PBXGroup;
			children = (
				9F99A85520DDCA6B00DF58F4 /* TodoInput.swift */,
			);
			path = Input;
			sourceTree = "<group>";
		};
		9FA4646520DC814C007CAF18 /* SignUp */ = {
			isa = PBXGroup;
			children = (
				9F387FAC20DD94AE0077B25D /* Password Step */,
				9FF7B76520DD5495006A9F76 /* Email Step */,
				9FF7B74E20DD3D0E006A9F76 /* Name Step */,
			);
			path = SignUp;
			sourceTree = "<group>";
		};
		9FAA2AF320DE9B920010DE28 /* Tasks */ = {
			isa = PBXGroup;
			children = (
				9FAA2B0720DEA26A0010DE28 /* Cells */,
				9F4C364020DFFB02006861D9 /* TasksViewRouter.swift */,
				9FAA2B0220DE9D510010DE28 /* TasksModel.swift */,
				9FAA2AF820DE9BA10010DE28 /* TasksViewController.swift */,
				9FAA2AF620DE9BA10010DE28 /* TasksPresenter.swift */,
				9FAA2AF720DE9BA10010DE28 /* TasksTests.swift */,
				9FAA2AFA20DE9BA10010DE28 /* TasksViewController.xib */,
			);
			path = Tasks;
			sourceTree = "<group>";
		};
		9FAA2B0720DEA26A0010DE28 /* Cells */ = {
			isa = PBXGroup;
			children = (
				9FAA2B0820DEA2760010DE28 /* TaskCell.swift */,
				9FAA2B0A20DEA27D0010DE28 /* TaskCell.xib */,
			);
			path = Cells;
			sourceTree = "<group>";
		};
		9FAA2B0C20DEA4DF0010DE28 /* Task */ = {
			isa = PBXGroup;
			children = (
				9FAA2B0F20DEA4F80010DE28 /* TaskService.swift */,
				9FAA2B0D20DEA4E50010DE28 /* Input */,
				9FAA2B0E20DEA4EA0010DE28 /* Output */,
			);
			path = Task;
			sourceTree = "<group>";
		};
		9FAA2B0D20DEA4E50010DE28 /* Input */ = {
			isa = PBXGroup;
			children = (
				9FAA2B1520DEA67E0010DE28 /* TaskInput.swift */,
			);
			path = Input;
			sourceTree = "<group>";
		};
		9FAA2B0E20DEA4EA0010DE28 /* Output */ = {
			isa = PBXGroup;
			children = (
				9FAA2B1320DEA6120010DE28 /* TaskOutput.swift */,
			);
			path = Output;
			sourceTree = "<group>";
		};
		9FC65B3B20DC538A00ED3436 = {
			isa = PBXGroup;
			children = (
				9FC65B4620DC538A00ED3436 /* ToDo */,
				9FC65B5B20DC538B00ED3436 /* ToDoTests */,
				9FC65B6620DC538B00ED3436 /* ToDoUITests */,
				9FC65B4520DC538A00ED3436 /* Products */,
				314A52235BFC6E27E15B87A5 /* Pods */,
				9643BBADAF3272CB587C9658 /* Frameworks */,
			);
			sourceTree = "<group>";
		};
		9FC65B4520DC538A00ED3436 /* Products */ = {
			isa = PBXGroup;
			children = (
				9FC65B4420DC538A00ED3436 /* ToDo.app */,
				9FC65B5820DC538B00ED3436 /* ToDoTests.xctest */,
				9FC65B6320DC538B00ED3436 /* ToDoUITests.xctest */,
			);
			name = Products;
			sourceTree = "<group>";
		};
		9FC65B4620DC538A00ED3436 /* ToDo */ = {
			isa = PBXGroup;
			children = (
				9FF7B76020DD42B0006A9F76 /* Custom */,
				9FC65B9720DC595100ED3436 /* Model */,
				9FC65B7920DC54C000ED3436 /* Extension */,
				9FC65B7820DC54B800ED3436 /* Network */,
				9FC65B7720DC54AC00ED3436 /* API */,
				9FC65B7620DC549B00ED3436 /* Service */,
				9FC65B7520DC546B00ED3436 /* Scenes */,
				9FC65B4720DC538A00ED3436 /* AppDelegate.swift */,
				9FC65B4E20DC538B00ED3436 /* Assets.xcassets */,
				9FC65B5020DC538B00ED3436 /* LaunchScreen.storyboard */,
				9FC65B5320DC538B00ED3436 /* Info.plist */,
			);
			path = ToDo;
			sourceTree = "<group>";
		};
		9FC65B5B20DC538B00ED3436 /* ToDoTests */ = {
			isa = PBXGroup;
			children = (
				9FC65B5C20DC538B00ED3436 /* ToDoTests.swift */,
				9FC65B5E20DC538B00ED3436 /* Info.plist */,
			);
			path = ToDoTests;
			sourceTree = "<group>";
		};
		9FC65B6620DC538B00ED3436 /* ToDoUITests */ = {
			isa = PBXGroup;
			children = (
				9FC65B6720DC538B00ED3436 /* ToDoUITests.swift */,
				9FC65B6920DC538B00ED3436 /* Info.plist */,
			);
			path = ToDoUITests;
			sourceTree = "<group>";
		};
		9FC65B7520DC546B00ED3436 /* Scenes */ = {
			isa = PBXGroup;
			children = (
				9F4C362E20DFD757006861D9 /* Generic */,
				9FAA2AF320DE9B920010DE28 /* Tasks */,
				9F387FD820DDAF7B0077B25D /* Todo */,
				9F387FC720DD9F170077B25D /* Success */,
				9FA4646520DC814C007CAF18 /* SignUp */,
				9FC65B7E20DC562B00ED3436 /* Login */,
			);
			path = Scenes;
			sourceTree = "<group>";
		};
		9FC65B7620DC549B00ED3436 /* Service */ = {
			isa = PBXGroup;
			children = (
				9FAA2B0C20DEA4DF0010DE28 /* Task */,
				9F99A84B20DDC9F300DF58F4 /* Todo */,
				9F387FBE20DD969E0077B25D /* SignUp */,
				9FC65B8E20DC574C00ED3436 /* Login */,
			);
			path = Service;
			sourceTree = "<group>";
		};
		9FC65B7720DC54AC00ED3436 /* API */ = {
			isa = PBXGroup;
			children = (
				9FC65B7C20DC559100ED3436 /* API.swift */,
				9FA4646120DC79A5007CAF18 /* APIError.swift */,
				9FC65B9520DC586F00ED3436 /* URLBuilder.swift */,
			);
			path = API;
			sourceTree = "<group>";
		};
		9FC65B7820DC54B800ED3436 /* Network */ = {
			isa = PBXGroup;
			children = (
				9FC65B7A20DC550500ED3436 /* Network.swift */,
			);
			path = Network;
			sourceTree = "<group>";
		};
		9FC65B7920DC54C000ED3436 /* Extension */ = {
			isa = PBXGroup;
			children = (
				9F99A84920DDC99C00DF58F4 /* UIViewExtension.swift */,
				9F4C363E20DFEA5F006861D9 /* DateExtension.swift */,
				9F4C364220E016A4006861D9 /* UIAlertControllerExtension.swift */,
			);
			path = Extension;
			sourceTree = "<group>";
		};
		9FC65B7E20DC562B00ED3436 /* Login */ = {
			isa = PBXGroup;
			children = (
				9FA4646320DC806A007CAF18 /* LoginViewRouter.swift */,
				9FC65B8320DC564800ED3436 /* LoginViewController.swift */,
				9FC65B8120DC564800ED3436 /* LoginPresenter.swift */,
				9FC65B8220DC564800ED3436 /* LoginTests.swift */,
				9FC65B8520DC564800ED3436 /* LoginViewController.xib */,
			);
			path = Login;
			sourceTree = "<group>";
		};
		9FC65B8E20DC574C00ED3436 /* Login */ = {
			isa = PBXGroup;
			children = (
				9FC65B9320DC57E100ED3436 /* LoginService.swift */,
				9FC65B8F20DC577100ED3436 /* Input */,
				9FC65B9020DC577500ED3436 /* Output */,
			);
			path = Login;
			sourceTree = "<group>";
		};
		9FC65B8F20DC577100ED3436 /* Input */ = {
			isa = PBXGroup;
			children = (
				9FC65B9120DC579700ED3436 /* LoginInput.swift */,
			);
			path = Input;
			sourceTree = "<group>";
		};
		9FC65B9020DC577500ED3436 /* Output */ = {
			isa = PBXGroup;
			children = (
				9FC65B9A20DC61EF00ED3436 /* LoginOutput.swift */,
			);
			path = Output;
			sourceTree = "<group>";
		};
		9FC65B9720DC595100ED3436 /* Model */ = {
			isa = PBXGroup;
			children = (
				9FC65B9820DC596100ED3436 /* UserSession.swift */,
				9F99A84720DDBEAA00DF58F4 /* Todo.swift */,
				9FAA2B1120DEA5730010DE28 /* Task.swift */,
			);
			path = Model;
			sourceTree = "<group>";
		};
		9FF7B74E20DD3D0E006A9F76 /* Name Step */ = {
			isa = PBXGroup;
			children = (
				9FF7B75E20DD4097006A9F76 /* SignUpNameViewRouter.swift */,
				9FF7B75320DD3D5C006A9F76 /* SignUpNameStepViewController.swift */,
				9FF7B75120DD3D5C006A9F76 /* SignUpNameStepPresenter.swift */,
				9FF7B75220DD3D5C006A9F76 /* SignUpNameStepTests.swift */,
				9FF7B75520DD3D5C006A9F76 /* SignUpNameStepViewController.xib */,
			);
			path = "Name Step";
			sourceTree = "<group>";
		};
		9FF7B76020DD42B0006A9F76 /* Custom */ = {
			isa = PBXGroup;
			children = (
				9FF7B76120DD42BC006A9F76 /* BaseNavigationController.swift */,
				9FF7B76320DD4397006A9F76 /* NavigationBarManager.swift */,
			);
			path = Custom;
			sourceTree = "<group>";
		};
		9FF7B76520DD5495006A9F76 /* Email Step */ = {
			isa = PBXGroup;
			children = (
				9FF7B77520DD55E3006A9F76 /* SignUpEmailStepViewRouter.swift */,
				9FF7B76B20DD54B6006A9F76 /* SignUpEmailStepModel.swift */,
				9FF7B76A20DD54B6006A9F76 /* SignUpEmailStepViewController.swift */,
				9FF7B76820DD54B6006A9F76 /* SignUpEmailStepPresenter.swift */,
				9FF7B76920DD54B6006A9F76 /* SignUpEmailStepTests.swift */,
				9FF7B76C20DD54B6006A9F76 /* SignUpEmailStepViewController.xib */,
			);
			path = "Email Step";
			sourceTree = "<group>";
		};
/* End PBXGroup section */

/* Begin PBXNativeTarget section */
		9FC65B4320DC538A00ED3436 /* ToDo */ = {
			isa = PBXNativeTarget;
			buildConfigurationList = 9FC65B6C20DC538B00ED3436 /* Build configuration list for PBXNativeTarget "ToDo" */;
			buildPhases = (
				BADF657F8F4307288DFB9843 /* [CP] Check Pods Manifest.lock */,
				9FC65B4020DC538A00ED3436 /* Sources */,
				9FC65B4120DC538A00ED3436 /* Frameworks */,
				9FC65B4220DC538A00ED3436 /* Resources */,
				024B180933A1902658B3F674 /* [CP] Embed Pods Frameworks */,
			);
			buildRules = (
			);
			dependencies = (
			);
			name = ToDo;
			productName = ToDo;
			productReference = 9FC65B4420DC538A00ED3436 /* ToDo.app */;
			productType = "com.apple.product-type.application";
		};
		9FC65B5720DC538B00ED3436 /* ToDoTests */ = {
			isa = PBXNativeTarget;
			buildConfigurationList = 9FC65B6F20DC538B00ED3436 /* Build configuration list for PBXNativeTarget "ToDoTests" */;
			buildPhases = (
				D5151F9E69C1136707518CC1 /* [CP] Check Pods Manifest.lock */,
				9FC65B5420DC538B00ED3436 /* Sources */,
				9FC65B5520DC538B00ED3436 /* Frameworks */,
				9FC65B5620DC538B00ED3436 /* Resources */,
				8710A7AD672FB46F477D9FA2 /* [CP] Embed Pods Frameworks */,
			);
			buildRules = (
			);
			dependencies = (
				9FC65B5A20DC538B00ED3436 /* PBXTargetDependency */,
			);
			name = ToDoTests;
			productName = ToDoTests;
			productReference = 9FC65B5820DC538B00ED3436 /* ToDoTests.xctest */;
			productType = "com.apple.product-type.bundle.unit-test";
		};
		9FC65B6220DC538B00ED3436 /* ToDoUITests */ = {
			isa = PBXNativeTarget;
			buildConfigurationList = 9FC65B7220DC538B00ED3436 /* Build configuration list for PBXNativeTarget "ToDoUITests" */;
			buildPhases = (
				53FAB31A2BB07EA841E8411F /* [CP] Check Pods Manifest.lock */,
				9FC65B5F20DC538B00ED3436 /* Sources */,
				9FC65B6020DC538B00ED3436 /* Frameworks */,
				9FC65B6120DC538B00ED3436 /* Resources */,
			);
			buildRules = (
			);
			dependencies = (
				9FC65B6520DC538B00ED3436 /* PBXTargetDependency */,
			);
			name = ToDoUITests;
			productName = ToDoUITests;
			productReference = 9FC65B6320DC538B00ED3436 /* ToDoUITests.xctest */;
			productType = "com.apple.product-type.bundle.ui-testing";
		};
/* End PBXNativeTarget section */

/* Begin PBXProject section */
		9FC65B3C20DC538A00ED3436 /* Project object */ = {
			isa = PBXProject;
			attributes = {
				LastSwiftUpdateCheck = 0940;
				LastUpgradeCheck = 0940;
				ORGANIZATIONNAME = possebon;
				TargetAttributes = {
					9FC65B4320DC538A00ED3436 = {
						CreatedOnToolsVersion = 9.4.1;
					};
					9FC65B5720DC538B00ED3436 = {
						CreatedOnToolsVersion = 9.4.1;
						TestTargetID = 9FC65B4320DC538A00ED3436;
					};
					9FC65B6220DC538B00ED3436 = {
						CreatedOnToolsVersion = 9.4.1;
						TestTargetID = 9FC65B4320DC538A00ED3436;
					};
				};
			};
			buildConfigurationList = 9FC65B3F20DC538A00ED3436 /* Build configuration list for PBXProject "ToDo" */;
			compatibilityVersion = "Xcode 9.3";
			developmentRegion = en;
			hasScannedForEncodings = 0;
			knownRegions = (
				en,
				Base,
			);
			mainGroup = 9FC65B3B20DC538A00ED3436;
			productRefGroup = 9FC65B4520DC538A00ED3436 /* Products */;
			projectDirPath = "";
			projectRoot = "";
			targets = (
				9FC65B4320DC538A00ED3436 /* ToDo */,
				9FC65B5720DC538B00ED3436 /* ToDoTests */,
				9FC65B6220DC538B00ED3436 /* ToDoUITests */,
			);
		};
/* End PBXProject section */

/* Begin PBXResourcesBuildPhase section */
		9FC65B4220DC538A00ED3436 /* Resources */ = {
			isa = PBXResourcesBuildPhase;
			buildActionMask = 2147483647;
			files = (
				9F387FBA20DD94D20077B25D /* SignUpPasswordViewController.xib in Resources */,
				9F387FE620DDAF9F0077B25D /* TodoViewController.xib in Resources */,
				9FC65B5220DC538B00ED3436 /* LaunchScreen.storyboard in Resources */,
				9FC65B4F20DC538B00ED3436 /* Assets.xcassets in Resources */,
				9FAA2B0B20DEA27D0010DE28 /* TaskCell.xib in Resources */,
				9FC65B8C20DC564800ED3436 /* LoginViewController.xib in Resources */,
				9FAA2B0120DE9BA10010DE28 /* TasksViewController.xib in Resources */,
				9FF7B77320DD54B6006A9F76 /* SignUpEmailStepViewController.xib in Resources */,
				9F4C363C20DFD776006861D9 /* EditPopupViewController.xib in Resources */,
				9F387FEC20DDB10A0077B25D /* TodoCell.xib in Resources */,
				9FF7B75C20DD3D5C006A9F76 /* SignUpNameStepViewController.xib in Resources */,
				9F387FD620DDA42B0077B25D /* SuccessViewController.xib in Resources */,
			);
			runOnlyForDeploymentPostprocessing = 0;
		};
		9FC65B5620DC538B00ED3436 /* Resources */ = {
			isa = PBXResourcesBuildPhase;
			buildActionMask = 2147483647;
			files = (
			);
			runOnlyForDeploymentPostprocessing = 0;
		};
		9FC65B6120DC538B00ED3436 /* Resources */ = {
			isa = PBXResourcesBuildPhase;
			buildActionMask = 2147483647;
			files = (
			);
			runOnlyForDeploymentPostprocessing = 0;
		};
/* End PBXResourcesBuildPhase section */

/* Begin PBXShellScriptBuildPhase section */
		024B180933A1902658B3F674 /* [CP] Embed Pods Frameworks */ = {
			isa = PBXShellScriptBuildPhase;
			buildActionMask = 2147483647;
			files = (
			);
			inputPaths = (
				"${SRCROOT}/Pods/Target Support Files/Pods-ToDo/Pods-ToDo-frameworks.sh",
				"${BUILT_PRODUCTS_DIR}/Alamofire/Alamofire.framework",
				"${BUILT_PRODUCTS_DIR}/KeychainSwift/KeychainSwift.framework",
				"${BUILT_PRODUCTS_DIR}/SVProgressHUD/SVProgressHUD.framework",
			);
			name = "[CP] Embed Pods Frameworks";
			outputPaths = (
				"${TARGET_BUILD_DIR}/${FRAMEWORKS_FOLDER_PATH}/Alamofire.framework",
				"${TARGET_BUILD_DIR}/${FRAMEWORKS_FOLDER_PATH}/KeychainSwift.framework",
				"${TARGET_BUILD_DIR}/${FRAMEWORKS_FOLDER_PATH}/SVProgressHUD.framework",
			);
			runOnlyForDeploymentPostprocessing = 0;
			shellPath = /bin/sh;
			shellScript = "\"${SRCROOT}/Pods/Target Support Files/Pods-ToDo/Pods-ToDo-frameworks.sh\"\n";
			showEnvVarsInLog = 0;
		};
		53FAB31A2BB07EA841E8411F /* [CP] Check Pods Manifest.lock */ = {
			isa = PBXShellScriptBuildPhase;
			buildActionMask = 2147483647;
			files = (
			);
			inputPaths = (
				"${PODS_PODFILE_DIR_PATH}/Podfile.lock",
				"${PODS_ROOT}/Manifest.lock",
			);
			name = "[CP] Check Pods Manifest.lock";
			outputPaths = (
				"$(DERIVED_FILE_DIR)/Pods-ToDoUITests-checkManifestLockResult.txt",
			);
			runOnlyForDeploymentPostprocessing = 0;
			shellPath = /bin/sh;
			shellScript = "diff \"${PODS_PODFILE_DIR_PATH}/Podfile.lock\" \"${PODS_ROOT}/Manifest.lock\" > /dev/null\nif [ $? != 0 ] ; then\n    # print error to STDERR\n    echo \"error: The sandbox is not in sync with the Podfile.lock. Run 'pod install' or update your CocoaPods installation.\" >&2\n    exit 1\nfi\n# This output is used by Xcode 'outputs' to avoid re-running this script phase.\necho \"SUCCESS\" > \"${SCRIPT_OUTPUT_FILE_0}\"\n";
			showEnvVarsInLog = 0;
		};
		8710A7AD672FB46F477D9FA2 /* [CP] Embed Pods Frameworks */ = {
			isa = PBXShellScriptBuildPhase;
			buildActionMask = 2147483647;
			files = (
			);
			inputPaths = (
				"${SRCROOT}/Pods/Target Support Files/Pods-ToDoTests/Pods-ToDoTests-frameworks.sh",
				"${BUILT_PRODUCTS_DIR}/Nimble/Nimble.framework",
				"${BUILT_PRODUCTS_DIR}/Quick/Quick.framework",
			);
			name = "[CP] Embed Pods Frameworks";
			outputPaths = (
				"${TARGET_BUILD_DIR}/${FRAMEWORKS_FOLDER_PATH}/Nimble.framework",
				"${TARGET_BUILD_DIR}/${FRAMEWORKS_FOLDER_PATH}/Quick.framework",
			);
			runOnlyForDeploymentPostprocessing = 0;
			shellPath = /bin/sh;
			shellScript = "\"${SRCROOT}/Pods/Target Support Files/Pods-ToDoTests/Pods-ToDoTests-frameworks.sh\"\n";
			showEnvVarsInLog = 0;
		};
		BADF657F8F4307288DFB9843 /* [CP] Check Pods Manifest.lock */ = {
			isa = PBXShellScriptBuildPhase;
			buildActionMask = 2147483647;
			files = (
			);
			inputPaths = (
				"${PODS_PODFILE_DIR_PATH}/Podfile.lock",
				"${PODS_ROOT}/Manifest.lock",
			);
			name = "[CP] Check Pods Manifest.lock";
			outputPaths = (
				"$(DERIVED_FILE_DIR)/Pods-ToDo-checkManifestLockResult.txt",
			);
			runOnlyForDeploymentPostprocessing = 0;
			shellPath = /bin/sh;
			shellScript = "diff \"${PODS_PODFILE_DIR_PATH}/Podfile.lock\" \"${PODS_ROOT}/Manifest.lock\" > /dev/null\nif [ $? != 0 ] ; then\n    # print error to STDERR\n    echo \"error: The sandbox is not in sync with the Podfile.lock. Run 'pod install' or update your CocoaPods installation.\" >&2\n    exit 1\nfi\n# This output is used by Xcode 'outputs' to avoid re-running this script phase.\necho \"SUCCESS\" > \"${SCRIPT_OUTPUT_FILE_0}\"\n";
			showEnvVarsInLog = 0;
		};
		D5151F9E69C1136707518CC1 /* [CP] Check Pods Manifest.lock */ = {
			isa = PBXShellScriptBuildPhase;
			buildActionMask = 2147483647;
			files = (
			);
			inputPaths = (
				"${PODS_PODFILE_DIR_PATH}/Podfile.lock",
				"${PODS_ROOT}/Manifest.lock",
			);
			name = "[CP] Check Pods Manifest.lock";
			outputPaths = (
				"$(DERIVED_FILE_DIR)/Pods-ToDoTests-checkManifestLockResult.txt",
			);
			runOnlyForDeploymentPostprocessing = 0;
			shellPath = /bin/sh;
			shellScript = "diff \"${PODS_PODFILE_DIR_PATH}/Podfile.lock\" \"${PODS_ROOT}/Manifest.lock\" > /dev/null\nif [ $? != 0 ] ; then\n    # print error to STDERR\n    echo \"error: The sandbox is not in sync with the Podfile.lock. Run 'pod install' or update your CocoaPods installation.\" >&2\n    exit 1\nfi\n# This output is used by Xcode 'outputs' to avoid re-running this script phase.\necho \"SUCCESS\" > \"${SCRIPT_OUTPUT_FILE_0}\"\n";
			showEnvVarsInLog = 0;
		};
/* End PBXShellScriptBuildPhase section */

/* Begin PBXSourcesBuildPhase section */
		9FC65B4020DC538A00ED3436 /* Sources */ = {
			isa = PBXSourcesBuildPhase;
			buildActionMask = 2147483647;
			files = (
				9F387FBC20DD95360077B25D /* SignUpPasswordViewRouter.swift in Sources */,
				9FC65B8A20DC564800ED3436 /* LoginViewController.swift in Sources */,
				9F4C364120DFFB02006861D9 /* TasksViewRouter.swift in Sources */,
				9FF7B75820DD3D5C006A9F76 /* SignUpNameStepPresenter.swift in Sources */,
				9FF7B77620DD55E3006A9F76 /* SignUpEmailStepViewRouter.swift in Sources */,
				9FAA2B1220DEA5730010DE28 /* Task.swift in Sources */,
				9F4C363F20DFEA5F006861D9 /* DateExtension.swift in Sources */,
				9FC65B8820DC564800ED3436 /* LoginPresenter.swift in Sources */,
				9F387FEA20DDB1020077B25D /* TodoCell.swift in Sources */,
				9F99A84A20DDC99C00DF58F4 /* UIViewExtension.swift in Sources */,
				9F4C364320E016A4006861D9 /* UIAlertControllerExtension.swift in Sources */,
				9FA4646420DC806A007CAF18 /* LoginViewRouter.swift in Sources */,
				9FC65B7B20DC550500ED3436 /* Network.swift in Sources */,
				9F387FC020DD96B30077B25D /* SignupService.swift in Sources */,
				9F387FC620DD97B10077B25D /* SignupOutput.swift in Sources */,
				9F387FC420DD96F50077B25D /* SignupInput.swift in Sources */,
				9FC65B9220DC579700ED3436 /* LoginInput.swift in Sources */,
				9FF7B77220DD54B6006A9F76 /* SignUpEmailStepModel.swift in Sources */,
				9F387FB820DD94D20077B25D /* SignUpPasswordViewController.swift in Sources */,
				9F99A84820DDBEAA00DF58F4 /* Todo.swift in Sources */,
				9FF7B76F20DD54B6006A9F76 /* SignUpEmailStepPresenter.swift in Sources */,
				9FAA2AFF20DE9BA10010DE28 /* TasksViewController.swift in Sources */,
				9FF7B77120DD54B6006A9F76 /* SignUpEmailStepViewController.swift in Sources */,
				9FC65B9B20DC61EF00ED3436 /* LoginOutput.swift in Sources */,
				9FAA2B1020DEA4F80010DE28 /* TaskService.swift in Sources */,
				9F99A84F20DDCA0700DF58F4 /* TodoService.swift in Sources */,
				9F387FD420DDA42B0077B25D /* SuccessViewController.swift in Sources */,
				9FAA2AFD20DE9BA10010DE28 /* TasksPresenter.swift in Sources */,
				9F387FB620DD94D20077B25D /* SignUpPasswordPresenter.swift in Sources */,
				9FC65B7D20DC559100ED3436 /* API.swift in Sources */,
				9FAA2B0320DE9D510010DE28 /* TasksModel.swift in Sources */,
				9FC65B9620DC586F00ED3436 /* URLBuilder.swift in Sources */,
				9F387FD220DDA42B0077B25D /* SuccessPresenter.swift in Sources */,
				9FF7B75F20DD4097006A9F76 /* SignUpNameViewRouter.swift in Sources */,
				9F99A85320DDCA2900DF58F4 /* TodoOutput.swift in Sources */,
				9FC65B4820DC538A00ED3436 /* AppDelegate.swift in Sources */,
				9F387FD520DDA42B0077B25D /* SuccessModel.swift in Sources */,
				9FF7B75A20DD3D5C006A9F76 /* SignUpNameStepViewController.swift in Sources */,
				9FC65B9420DC57E100ED3436 /* LoginService.swift in Sources */,
				9FC65B9920DC596100ED3436 /* UserSession.swift in Sources */,
				9F4C363B20DFD776006861D9 /* EditPopupModel.swift in Sources */,
				9FAA2B1420DEA6120010DE28 /* TaskOutput.swift in Sources */,
				9F387FB920DD94D20077B25D /* SignUpPasswordModel.swift in Sources */,
				9F387FE220DDAF9F0077B25D /* TodoPresenter.swift in Sources */,
				9F387FE420DDAF9F0077B25D /* TodoViewController.swift in Sources */,
				9FF7B76220DD42BC006A9F76 /* BaseNavigationController.swift in Sources */,
				9F4C363820DFD776006861D9 /* EditPopupPresenter.swift in Sources */,
				9F4C363A20DFD776006861D9 /* EditPopupViewController.swift in Sources */,
				9FAA2B0620DE9E6C0010DE28 /* TodoViewRouter.swift in Sources */,
				9FAA2B0920DEA2760010DE28 /* TaskCell.swift in Sources */,
				9F99A85620DDCA6B00DF58F4 /* TodoInput.swift in Sources */,
				9FAA2B1620DEA67E0010DE28 /* TaskInput.swift in Sources */,
				9FF7B76420DD4397006A9F76 /* NavigationBarManager.swift in Sources */,
				9FA4646220DC79A5007CAF18 /* APIError.swift in Sources */,
			);
			runOnlyForDeploymentPostprocessing = 0;
		};
		9FC65B5420DC538B00ED3436 /* Sources */ = {
			isa = PBXSourcesBuildPhase;
			buildActionMask = 2147483647;
			files = (
				9F387FE720DDAFEB0077B25D /* TodoTests.swift in Sources */,
				9FF7B75D20DD3D71006A9F76 /* SignUpNameStepTests.swift in Sources */,
				9FC65B5D20DC538B00ED3436 /* ToDoTests.swift in Sources */,
				9FF7B77420DD54C1006A9F76 /* SignUpEmailStepTests.swift in Sources */,
				9F4C363D20DFD801006861D9 /* EditPopupTests.swift in Sources */,
				9FAA2B0420DE9D820010DE28 /* TasksTests.swift in Sources */,
				9F387FBD20DD96650077B25D /* SignUpPasswordTests.swift in Sources */,
				9FA4646020DC6F51007CAF18 /* LoginTests.swift in Sources */,
				9F387FD720DDA7BB0077B25D /* SuccessTests.swift in Sources */,
			);
			runOnlyForDeploymentPostprocessing = 0;
		};
		9FC65B5F20DC538B00ED3436 /* Sources */ = {
			isa = PBXSourcesBuildPhase;
			buildActionMask = 2147483647;
			files = (
				9FC65B6820DC538B00ED3436 /* ToDoUITests.swift in Sources */,
			);
			runOnlyForDeploymentPostprocessing = 0;
		};
/* End PBXSourcesBuildPhase section */

/* Begin PBXTargetDependency section */
		9FC65B5A20DC538B00ED3436 /* PBXTargetDependency */ = {
			isa = PBXTargetDependency;
			target = 9FC65B4320DC538A00ED3436 /* ToDo */;
			targetProxy = 9FC65B5920DC538B00ED3436 /* PBXContainerItemProxy */;
		};
		9FC65B6520DC538B00ED3436 /* PBXTargetDependency */ = {
			isa = PBXTargetDependency;
			target = 9FC65B4320DC538A00ED3436 /* ToDo */;
			targetProxy = 9FC65B6420DC538B00ED3436 /* PBXContainerItemProxy */;
		};
/* End PBXTargetDependency section */

/* Begin PBXVariantGroup section */
		9FC65B5020DC538B00ED3436 /* LaunchScreen.storyboard */ = {
			isa = PBXVariantGroup;
			children = (
				9FC65B5120DC538B00ED3436 /* Base */,
			);
			name = LaunchScreen.storyboard;
			sourceTree = "<group>";
		};
/* End PBXVariantGroup section */

/* Begin XCBuildConfiguration section */
		9FC65B6A20DC538B00ED3436 /* Debug */ = {
			isa = XCBuildConfiguration;
			buildSettings = {
				ALWAYS_SEARCH_USER_PATHS = NO;
				CLANG_ANALYZER_NONNULL = YES;
				CLANG_ANALYZER_NUMBER_OBJECT_CONVERSION = YES_AGGRESSIVE;
				CLANG_CXX_LANGUAGE_STANDARD = "gnu++14";
				CLANG_CXX_LIBRARY = "libc++";
				CLANG_ENABLE_MODULES = YES;
				CLANG_ENABLE_OBJC_ARC = YES;
				CLANG_ENABLE_OBJC_WEAK = YES;
				CLANG_WARN_BLOCK_CAPTURE_AUTORELEASING = YES;
				CLANG_WARN_BOOL_CONVERSION = YES;
				CLANG_WARN_COMMA = YES;
				CLANG_WARN_CONSTANT_CONVERSION = YES;
				CLANG_WARN_DEPRECATED_OBJC_IMPLEMENTATIONS = YES;
				CLANG_WARN_DIRECT_OBJC_ISA_USAGE = YES_ERROR;
				CLANG_WARN_DOCUMENTATION_COMMENTS = YES;
				CLANG_WARN_EMPTY_BODY = YES;
				CLANG_WARN_ENUM_CONVERSION = YES;
				CLANG_WARN_INFINITE_RECURSION = YES;
				CLANG_WARN_INT_CONVERSION = YES;
				CLANG_WARN_NON_LITERAL_NULL_CONVERSION = YES;
				CLANG_WARN_OBJC_IMPLICIT_RETAIN_SELF = YES;
				CLANG_WARN_OBJC_LITERAL_CONVERSION = YES;
				CLANG_WARN_OBJC_ROOT_CLASS = YES_ERROR;
				CLANG_WARN_RANGE_LOOP_ANALYSIS = YES;
				CLANG_WARN_STRICT_PROTOTYPES = YES;
				CLANG_WARN_SUSPICIOUS_MOVE = YES;
				CLANG_WARN_UNGUARDED_AVAILABILITY = YES_AGGRESSIVE;
				CLANG_WARN_UNREACHABLE_CODE = YES;
				CLANG_WARN__DUPLICATE_METHOD_MATCH = YES;
				CODE_SIGN_IDENTITY = "iPhone Developer";
				COPY_PHASE_STRIP = NO;
				DEBUG_INFORMATION_FORMAT = dwarf;
				ENABLE_STRICT_OBJC_MSGSEND = YES;
				ENABLE_TESTABILITY = YES;
				GCC_C_LANGUAGE_STANDARD = gnu11;
				GCC_DYNAMIC_NO_PIC = NO;
				GCC_NO_COMMON_BLOCKS = YES;
				GCC_OPTIMIZATION_LEVEL = 0;
				GCC_PREPROCESSOR_DEFINITIONS = (
					"DEBUG=1",
					"$(inherited)",
				);
				GCC_WARN_64_TO_32_BIT_CONVERSION = YES;
				GCC_WARN_ABOUT_RETURN_TYPE = YES_ERROR;
				GCC_WARN_UNDECLARED_SELECTOR = YES;
				GCC_WARN_UNINITIALIZED_AUTOS = YES_AGGRESSIVE;
				GCC_WARN_UNUSED_FUNCTION = YES;
				GCC_WARN_UNUSED_VARIABLE = YES;
				IPHONEOS_DEPLOYMENT_TARGET = 11.4;
				MTL_ENABLE_DEBUG_INFO = YES;
				ONLY_ACTIVE_ARCH = YES;
				SDKROOT = iphoneos;
				SWIFT_ACTIVE_COMPILATION_CONDITIONS = DEBUG;
				SWIFT_OPTIMIZATION_LEVEL = "-Onone";
			};
			name = Debug;
		};
		9FC65B6B20DC538B00ED3436 /* Release */ = {
			isa = XCBuildConfiguration;
			buildSettings = {
				ALWAYS_SEARCH_USER_PATHS = NO;
				CLANG_ANALYZER_NONNULL = YES;
				CLANG_ANALYZER_NUMBER_OBJECT_CONVERSION = YES_AGGRESSIVE;
				CLANG_CXX_LANGUAGE_STANDARD = "gnu++14";
				CLANG_CXX_LIBRARY = "libc++";
				CLANG_ENABLE_MODULES = YES;
				CLANG_ENABLE_OBJC_ARC = YES;
				CLANG_ENABLE_OBJC_WEAK = YES;
				CLANG_WARN_BLOCK_CAPTURE_AUTORELEASING = YES;
				CLANG_WARN_BOOL_CONVERSION = YES;
				CLANG_WARN_COMMA = YES;
				CLANG_WARN_CONSTANT_CONVERSION = YES;
				CLANG_WARN_DEPRECATED_OBJC_IMPLEMENTATIONS = YES;
				CLANG_WARN_DIRECT_OBJC_ISA_USAGE = YES_ERROR;
				CLANG_WARN_DOCUMENTATION_COMMENTS = YES;
				CLANG_WARN_EMPTY_BODY = YES;
				CLANG_WARN_ENUM_CONVERSION = YES;
				CLANG_WARN_INFINITE_RECURSION = YES;
				CLANG_WARN_INT_CONVERSION = YES;
				CLANG_WARN_NON_LITERAL_NULL_CONVERSION = YES;
				CLANG_WARN_OBJC_IMPLICIT_RETAIN_SELF = YES;
				CLANG_WARN_OBJC_LITERAL_CONVERSION = YES;
				CLANG_WARN_OBJC_ROOT_CLASS = YES_ERROR;
				CLANG_WARN_RANGE_LOOP_ANALYSIS = YES;
				CLANG_WARN_STRICT_PROTOTYPES = YES;
				CLANG_WARN_SUSPICIOUS_MOVE = YES;
				CLANG_WARN_UNGUARDED_AVAILABILITY = YES_AGGRESSIVE;
				CLANG_WARN_UNREACHABLE_CODE = YES;
				CLANG_WARN__DUPLICATE_METHOD_MATCH = YES;
				CODE_SIGN_IDENTITY = "iPhone Developer";
				COPY_PHASE_STRIP = NO;
				DEBUG_INFORMATION_FORMAT = "dwarf-with-dsym";
				ENABLE_NS_ASSERTIONS = NO;
				ENABLE_STRICT_OBJC_MSGSEND = YES;
				GCC_C_LANGUAGE_STANDARD = gnu11;
				GCC_NO_COMMON_BLOCKS = YES;
				GCC_WARN_64_TO_32_BIT_CONVERSION = YES;
				GCC_WARN_ABOUT_RETURN_TYPE = YES_ERROR;
				GCC_WARN_UNDECLARED_SELECTOR = YES;
				GCC_WARN_UNINITIALIZED_AUTOS = YES_AGGRESSIVE;
				GCC_WARN_UNUSED_FUNCTION = YES;
				GCC_WARN_UNUSED_VARIABLE = YES;
				IPHONEOS_DEPLOYMENT_TARGET = 11.4;
				MTL_ENABLE_DEBUG_INFO = NO;
				SDKROOT = iphoneos;
				SWIFT_COMPILATION_MODE = wholemodule;
				SWIFT_OPTIMIZATION_LEVEL = "-O";
				VALIDATE_PRODUCT = YES;
			};
			name = Release;
		};
		9FC65B6D20DC538B00ED3436 /* Debug */ = {
			isa = XCBuildConfiguration;
			baseConfigurationReference = 89837A573AC8F63808864725 /* Pods-ToDo.debug.xcconfig */;
			buildSettings = {
				ASSETCATALOG_COMPILER_APPICON_NAME = AppIcon;
				CODE_SIGN_STYLE = Automatic;
				DEVELOPMENT_TEAM = MY789Q7PK7;
				INFOPLIST_FILE = ToDo/Info.plist;
				LD_RUNPATH_SEARCH_PATHS = (
					"$(inherited)",
					"@executable_path/Frameworks",
				);
				PRODUCT_BUNDLE_IDENTIFIER = com.giovane.ToDo;
				PRODUCT_NAME = "$(TARGET_NAME)";
				SWIFT_VERSION = 4.0;
				TARGETED_DEVICE_FAMILY = "1,2";
			};
			name = Debug;
		};
		9FC65B6E20DC538B00ED3436 /* Release */ = {
			isa = XCBuildConfiguration;
			baseConfigurationReference = E14D5206B5153F403C31B3B2 /* Pods-ToDo.release.xcconfig */;
			buildSettings = {
				ASSETCATALOG_COMPILER_APPICON_NAME = AppIcon;
				CODE_SIGN_STYLE = Automatic;
				DEVELOPMENT_TEAM = MY789Q7PK7;
				INFOPLIST_FILE = ToDo/Info.plist;
				LD_RUNPATH_SEARCH_PATHS = (
					"$(inherited)",
					"@executable_path/Frameworks",
				);
				PRODUCT_BUNDLE_IDENTIFIER = com.giovane.ToDo;
				PRODUCT_NAME = "$(TARGET_NAME)";
				SWIFT_VERSION = 4.0;
				TARGETED_DEVICE_FAMILY = "1,2";
			};
			name = Release;
		};
		9FC65B7020DC538B00ED3436 /* Debug */ = {
			isa = XCBuildConfiguration;
			baseConfigurationReference = 40D7E139D941ABA900D78007 /* Pods-ToDoTests.debug.xcconfig */;
			buildSettings = {
				ALWAYS_EMBED_SWIFT_STANDARD_LIBRARIES = YES;
				BUNDLE_LOADER = "$(TEST_HOST)";
				CODE_SIGN_STYLE = Automatic;
				INFOPLIST_FILE = ToDoTests/Info.plist;
				LD_RUNPATH_SEARCH_PATHS = (
					"$(inherited)",
					"@executable_path/Frameworks",
					"@loader_path/Frameworks",
				);
				PRODUCT_BUNDLE_IDENTIFIER = com.giovane.ToDoTests;
				PRODUCT_NAME = "$(TARGET_NAME)";
				SWIFT_VERSION = 4.0;
				TARGETED_DEVICE_FAMILY = "1,2";
				TEST_HOST = "$(BUILT_PRODUCTS_DIR)/ToDo.app/ToDo";
			};
			name = Debug;
		};
		9FC65B7120DC538B00ED3436 /* Release */ = {
			isa = XCBuildConfiguration;
			baseConfigurationReference = B0018DD30408083D044CCE17 /* Pods-ToDoTests.release.xcconfig */;
			buildSettings = {
				ALWAYS_EMBED_SWIFT_STANDARD_LIBRARIES = YES;
				BUNDLE_LOADER = "$(TEST_HOST)";
				CODE_SIGN_STYLE = Automatic;
				INFOPLIST_FILE = ToDoTests/Info.plist;
				LD_RUNPATH_SEARCH_PATHS = (
					"$(inherited)",
					"@executable_path/Frameworks",
					"@loader_path/Frameworks",
				);
				PRODUCT_BUNDLE_IDENTIFIER = com.giovane.ToDoTests;
				PRODUCT_NAME = "$(TARGET_NAME)";
				SWIFT_VERSION = 4.0;
				TARGETED_DEVICE_FAMILY = "1,2";
				TEST_HOST = "$(BUILT_PRODUCTS_DIR)/ToDo.app/ToDo";
			};
			name = Release;
		};
		9FC65B7320DC538B00ED3436 /* Debug */ = {
			isa = XCBuildConfiguration;
			baseConfigurationReference = B84162DB364C515461BC7448 /* Pods-ToDoUITests.debug.xcconfig */;
			buildSettings = {
				ALWAYS_EMBED_SWIFT_STANDARD_LIBRARIES = YES;
				CODE_SIGN_STYLE = Automatic;
				INFOPLIST_FILE = ToDoUITests/Info.plist;
				LD_RUNPATH_SEARCH_PATHS = (
					"$(inherited)",
					"@executable_path/Frameworks",
					"@loader_path/Frameworks",
				);
				PRODUCT_BUNDLE_IDENTIFIER = com.giovane.ToDoUITests;
				PRODUCT_NAME = "$(TARGET_NAME)";
				SWIFT_VERSION = 4.0;
				TARGETED_DEVICE_FAMILY = "1,2";
				TEST_TARGET_NAME = ToDo;
			};
			name = Debug;
		};
		9FC65B7420DC538B00ED3436 /* Release */ = {
			isa = XCBuildConfiguration;
			baseConfigurationReference = 26DDC5890E992B37E8162A23 /* Pods-ToDoUITests.release.xcconfig */;
			buildSettings = {
				ALWAYS_EMBED_SWIFT_STANDARD_LIBRARIES = YES;
				CODE_SIGN_STYLE = Automatic;
				INFOPLIST_FILE = ToDoUITests/Info.plist;
				LD_RUNPATH_SEARCH_PATHS = (
					"$(inherited)",
					"@executable_path/Frameworks",
					"@loader_path/Frameworks",
				);
				PRODUCT_BUNDLE_IDENTIFIER = com.giovane.ToDoUITests;
				PRODUCT_NAME = "$(TARGET_NAME)";
				SWIFT_VERSION = 4.0;
				TARGETED_DEVICE_FAMILY = "1,2";
				TEST_TARGET_NAME = ToDo;
			};
			name = Release;
		};
/* End XCBuildConfiguration section */

/* Begin XCConfigurationList section */
		9FC65B3F20DC538A00ED3436 /* Build configuration list for PBXProject "ToDo" */ = {
			isa = XCConfigurationList;
			buildConfigurations = (
				9FC65B6A20DC538B00ED3436 /* Debug */,
				9FC65B6B20DC538B00ED3436 /* Release */,
			);
			defaultConfigurationIsVisible = 0;
			defaultConfigurationName = Release;
		};
		9FC65B6C20DC538B00ED3436 /* Build configuration list for PBXNativeTarget "ToDo" */ = {
			isa = XCConfigurationList;
			buildConfigurations = (
				9FC65B6D20DC538B00ED3436 /* Debug */,
				9FC65B6E20DC538B00ED3436 /* Release */,
			);
			defaultConfigurationIsVisible = 0;
			defaultConfigurationName = Release;
		};
		9FC65B6F20DC538B00ED3436 /* Build configuration list for PBXNativeTarget "ToDoTests" */ = {
			isa = XCConfigurationList;
			buildConfigurations = (
				9FC65B7020DC538B00ED3436 /* Debug */,
				9FC65B7120DC538B00ED3436 /* Release */,
			);
			defaultConfigurationIsVisible = 0;
			defaultConfigurationName = Release;
		};
		9FC65B7220DC538B00ED3436 /* Build configuration list for PBXNativeTarget "ToDoUITests" */ = {
			isa = XCConfigurationList;
			buildConfigurations = (
				9FC65B7320DC538B00ED3436 /* Debug */,
				9FC65B7420DC538B00ED3436 /* Release */,
			);
			defaultConfigurationIsVisible = 0;
			defaultConfigurationName = Release;
		};
/* End XCConfigurationList section */
	};
	rootObject = 9FC65B3C20DC538A00ED3436 /* Project object */;
}
